
Microsoft Visual Studio Solution File, Format Version 12.00
# Visual Studio Version 17
VisualStudioVersion = 17.3.32929.385
MinimumVisualStudioVersion = 10.0.40219.1
Project("{FAE04EC0-301F-11D3-BF4B-00C04F79EFBC}") = "beletskiy", "beletskiy\beletskiy.csproj", "{30F0E986-2454-492A-A345-F325740FE0F8}"
EndProject
Global
	GlobalSection(SolutionConfigurationPlatforms) = preSolution
		Debug|Any CPU = Debug|Any CPU
		Release|Any CPU = Release|Any CPU
	EndGlobalSection
	GlobalSection(ProjectConfigurationPlatforms) = postSolution
		{30F0E986-2454-492A-A345-F325740FE0F8}.Debug|Any CPU.ActiveCfg = Debug|Any CPU
		{30F0E986-2454-492A-A345-F325740FE0F8}.Debug|Any CPU.Build.0 = Debug|Any CPU
		{30F0E986-2454-492A-A345-F325740FE0F8}.Release|Any CPU.ActiveCfg = Release|Any CPU
		{30F0E986-2454-492A-A345-F325740FE0F8}.Release|Any CPU.Build.0 = Release|Any CPU
	EndGlobalSection
	GlobalSection(SolutionProperties) = preSolution
		HideSolutionNode = FALSE
	EndGlobalSection
	GlobalSection(ExtensibilityGlobals) = postSolution
		SolutionGuid = {D10D91C1-5B19-4B69-AF1D-0C3FFD43B60B}
	EndGlobalSection
EndGlobal
